
Microsoft Visual Studio Solution File, Format Version 12.00
# Visual Studio Version 16
VisualStudioVersion = 16.0.29418.71
MinimumVisualStudioVersion = 10.0.40219.1
Project("{FAE04EC0-301F-11D3-BF4B-00C04F79EFBC}") = "MyCustomList", "MyCustomList.csproj", "{CD193C7F-104E-432B-B1EB-3CFE21060386}"
EndProject
Project("{FAE04EC0-301F-11D3-BF4B-00C04F79EFBC}") = "CustomListTest", "..\CustomListTest\CustomListTest.csproj", "{968EE204-2E06-4298-9A04-3CDFEFAD56C3}"
EndProject
Global
	GlobalSection(SolutionConfigurationPlatforms) = preSolution
		Debug|Any CPU = Debug|Any CPU
		Release|Any CPU = Release|Any CPU
	EndGlobalSection
	GlobalSection(ProjectConfigurationPlatforms) = postSolution
		{CD193C7F-104E-432B-B1EB-3CFE21060386}.Debug|Any CPU.ActiveCfg = Debug|Any CPU
		{CD193C7F-104E-432B-B1EB-3CFE21060386}.Debug|Any CPU.Build.0 = Debug|Any CPU
		{CD193C7F-104E-432B-B1EB-3CFE21060386}.Release|Any CPU.ActiveCfg = Release|Any CPU
		{CD193C7F-104E-432B-B1EB-3CFE21060386}.Release|Any CPU.Build.0 = Release|Any CPU
		{968EE204-2E06-4298-9A04-3CDFEFAD56C3}.Debug|Any CPU.ActiveCfg = Debug|Any CPU
		{968EE204-2E06-4298-9A04-3CDFEFAD56C3}.Debug|Any CPU.Build.0 = Debug|Any CPU
		{968EE204-2E06-4298-9A04-3CDFEFAD56C3}.Release|Any CPU.ActiveCfg = Release|Any CPU
		{968EE204-2E06-4298-9A04-3CDFEFAD56C3}.Release|Any CPU.Build.0 = Release|Any CPU
	EndGlobalSection
	GlobalSection(SolutionProperties) = preSolution
		HideSolutionNode = FALSE
	EndGlobalSection
	GlobalSection(ExtensibilityGlobals) = postSolution
		SolutionGuid = {B55F1A08-528A-497A-A4DC-056DB9720F17}
	EndGlobalSection
EndGlobal
